// !$*UTF8*$!
{
	archiveVersion = 1;
	classes = {
	};
	objectVersion = 56;
	objects = {

/* Begin PBXBuildFile section */
		A3E010D62CDAC6FA000C29DF /* FireChatApp.swift in Sources */ = {isa = PBXBuildFile; fileRef = A3E010D52CDAC6FA000C29DF /* FireChatApp.swift */; };
		A3E010DA2CDAC6FB000C29DF /* Assets.xcassets in Resources */ = {isa = PBXBuildFile; fileRef = A3E010D92CDAC6FB000C29DF /* Assets.xcassets */; };
		A3E010DD2CDAC6FB000C29DF /* Preview Assets.xcassets in Resources */ = {isa = PBXBuildFile; fileRef = A3E010DC2CDAC6FB000C29DF /* Preview Assets.xcassets */; };
		A3E010E42CDACA61000C29DF /* GoogleService-Info.plist in Resources */ = {isa = PBXBuildFile; fileRef = A3E010E32CDACA61000C29DF /* GoogleService-Info.plist */; };
		A3E010F12CDACC52000C29DF /* FirebaseAuth in Frameworks */ = {isa = PBXBuildFile; productRef = A3E010F02CDACC52000C29DF /* FirebaseAuth */; };
		A3E010FD2CDACC52000C29DF /* FirebaseFirestore in Frameworks */ = {isa = PBXBuildFile; productRef = A3E010FC2CDACC52000C29DF /* FirebaseFirestore */; };
		A3E011172CDACE84000C29DF /* LoginView.swift in Sources */ = {isa = PBXBuildFile; fileRef = A3E011162CDACE84000C29DF /* LoginView.swift */; };
		A3E011192CDACFAF000C29DF /* AuthManager.swift in Sources */ = {isa = PBXBuildFile; fileRef = A3E011182CDACFAF000C29DF /* AuthManager.swift */; };
		A3E0111B2CDAD345000C29DF /* Message.swift in Sources */ = {isa = PBXBuildFile; fileRef = A3E0111A2CDAD345000C29DF /* Message.swift */; };
		A3E011212CDAD3E3000C29DF /* MessageManager.swift in Sources */ = {isa = PBXBuildFile; fileRef = A3E011202CDAD3E3000C29DF /* MessageManager.swift */; };
		A3E011232CDADA8B000C29DF /* ChatView.swift in Sources */ = {isa = PBXBuildFile; fileRef = A3E011222CDADA8B000C29DF /* ChatView.swift */; };
/* End PBXBuildFile section */

/* Begin PBXFileReference section */
		A3E010D22CDAC6FA000C29DF /* FireChat.app */ = {isa = PBXFileReference; explicitFileType = wrapper.application; includeInIndex = 0; path = FireChat.app; sourceTree = BUILT_PRODUCTS_DIR; };
		A3E010D52CDAC6FA000C29DF /* FireChatApp.swift */ = {isa = PBXFileReference; lastKnownFileType = sourcecode.swift; path = FireChatApp.swift; sourceTree = "<group>"; };
		A3E010D92CDAC6FB000C29DF /* Assets.xcassets */ = {isa = PBXFileReference; lastKnownFileType = folder.assetcatalog; path = Assets.xcassets; sourceTree = "<group>"; };
		A3E010DC2CDAC6FB000C29DF /* Preview Assets.xcassets */ = {isa = PBXFileReference; lastKnownFileType = folder.assetcatalog; path = "Preview Assets.xcassets"; sourceTree = "<group>"; };
		A3E010E32CDACA61000C29DF /* GoogleService-Info.plist */ = {isa = PBXFileReference; fileEncoding = 4; lastKnownFileType = text.plist.xml; path = "GoogleService-Info.plist"; sourceTree = "<group>"; };
		A3E011162CDACE84000C29DF /* LoginView.swift */ = {isa = PBXFileReference; lastKnownFileType = sourcecode.swift; path = LoginView.swift; sourceTree = "<group>"; };
		A3E011182CDACFAF000C29DF /* AuthManager.swift */ = {isa = PBXFileReference; lastKnownFileType = sourcecode.swift; path = AuthManager.swift; sourceTree = "<group>"; };
		A3E0111A2CDAD345000C29DF /* Message.swift */ = {isa = PBXFileReference; lastKnownFileType = sourcecode.swift; path = Message.swift; sourceTree = "<group>"; };
		A3E011202CDAD3E3000C29DF /* MessageManager.swift */ = {isa = PBXFileReference; lastKnownFileType = sourcecode.swift; path = MessageManager.swift; sourceTree = "<group>"; };
		A3E011222CDADA8B000C29DF /* ChatView.swift */ = {isa = PBXFileReference; lastKnownFileType = sourcecode.swift; path = ChatView.swift; sourceTree = "<group>"; };
		A3E011242CDAF424000C29DF /* README.md */ = {isa = PBXFileReference; lastKnownFileType = net.daringfireball.markdown; name = README.md; path = ../README.md; sourceTree = "<group>"; };
/* End PBXFileReference section */

/* Begin PBXFrameworksBuildPhase section */
		A3E010CF2CDAC6FA000C29DF /* Frameworks */ = {
			isa = PBXFrameworksBuildPhase;
			buildActionMask = 2147483647;
			files = (
				A3E010F12CDACC52000C29DF /* FirebaseAuth in Frameworks */,
				A3E010FD2CDACC52000C29DF /* FirebaseFirestore in Frameworks */,
			);
			runOnlyForDeploymentPostprocessing = 0;
		};
/* End PBXFrameworksBuildPhase section */

/* Begin PBXGroup section */
		A3E010C92CDAC6FA000C29DF = {
			isa = PBXGroup;
			children = (
				A3E011242CDAF424000C29DF /* README.md */,
				A3E010D42CDAC6FA000C29DF /* FireChat */,
				A3E010D32CDAC6FA000C29DF /* Products */,
			);
			sourceTree = "<group>";
		};
		A3E010D32CDAC6FA000C29DF /* Products */ = {
			isa = PBXGroup;
			children = (
				A3E010D22CDAC6FA000C29DF /* FireChat.app */,
			);
			name = Products;
			sourceTree = "<group>";
		};
		A3E010D42CDAC6FA000C29DF /* FireChat */ = {
			isa = PBXGroup;
			children = (
				A3E010D52CDAC6FA000C29DF /* FireChatApp.swift */,
				A3E010D92CDAC6FB000C29DF /* Assets.xcassets */,
				A3E010E32CDACA61000C29DF /* GoogleService-Info.plist */,
				A3E010DB2CDAC6FB000C29DF /* Preview Content */,
				A3E011162CDACE84000C29DF /* LoginView.swift */,
				A3E011182CDACFAF000C29DF /* AuthManager.swift */,
				A3E0111A2CDAD345000C29DF /* Message.swift */,
				A3E011202CDAD3E3000C29DF /* MessageManager.swift */,
				A3E011222CDADA8B000C29DF /* ChatView.swift */,
			);
			path = FireChat;
			sourceTree = "<group>";
		};
		A3E010DB2CDAC6FB000C29DF /* Preview Content */ = {
			isa = PBXGroup;
			children = (
				A3E010DC2CDAC6FB000C29DF /* Preview Assets.xcassets */,
			);
			path = "Preview Content";
			sourceTree = "<group>";
		};
/* End PBXGroup section */

/* Begin PBXNativeTarget section */
		A3E010D12CDAC6FA000C29DF /* FireChat */ = {
			isa = PBXNativeTarget;
			buildConfigurationList = A3E010E02CDAC6FB000C29DF /* Build configuration list for PBXNativeTarget "FireChat" */;
			buildPhases = (
				A3E010CE2CDAC6FA000C29DF /* Sources */,
				A3E010CF2CDAC6FA000C29DF /* Frameworks */,
				A3E010D02CDAC6FA000C29DF /* Resources */,
			);
			buildRules = (
			);
			dependencies = (
			);
			name = FireChat;
			packageProductDependencies = (
				A3E010F02CDACC52000C29DF /* FirebaseAuth */,
				A3E010FC2CDACC52000C29DF /* FirebaseFirestore */,
			);
			productName = FireChat;
			productReference = A3E010D22CDAC6FA000C29DF /* FireChat.app */;
			productType = "com.apple.product-type.application";
		};
/* End PBXNativeTarget section */

/* Begin PBXProject section */
		A3E010CA2CDAC6FA000C29DF /* Project object */ = {
			isa = PBXProject;
			attributes = {
				BuildIndependentTargetsInParallel = 1;
				LastSwiftUpdateCheck = 1540;
				LastUpgradeCheck = 1540;
				TargetAttributes = {
					A3E010D12CDAC6FA000C29DF = {
						CreatedOnToolsVersion = 15.4;
					};
				};
			};
			buildConfigurationList = A3E010CD2CDAC6FA000C29DF /* Build configuration list for PBXProject "FireChat" */;
			compatibilityVersion = "Xcode 14.0";
			developmentRegion = en;
			hasScannedForEncodings = 0;
			knownRegions = (
				en,
				Base,
			);
			mainGroup = A3E010C92CDAC6FA000C29DF;
			packageReferences = (
				A3E010E52CDACC52000C29DF /* XCRemoteSwiftPackageReference "firebase-ios-sdk" */,
			);
			productRefGroup = A3E010D32CDAC6FA000C29DF /* Products */;
			projectDirPath = "";
			projectRoot = "";
			targets = (
				A3E010D12CDAC6FA000C29DF /* FireChat */,
			);
		};
/* End PBXProject section */

/* Begin PBXResourcesBuildPhase section */
		A3E010D02CDAC6FA000C29DF /* Resources */ = {
			isa = PBXResourcesBuildPhase;
			buildActionMask = 2147483647;
			files = (
				A3E010DD2CDAC6FB000C29DF /* Preview Assets.xcassets in Resources */,
				A3E010DA2CDAC6FB000C29DF /* Assets.xcassets in Resources */,
				A3E010E42CDACA61000C29DF /* GoogleService-Info.plist in Resources */,
			);
			runOnlyForDeploymentPostprocessing = 0;
		};
/* End PBXResourcesBuildPhase section */

/* Begin PBXSourcesBuildPhase section */
		A3E010CE2CDAC6FA000C29DF /* Sources */ = {
			isa = PBXSourcesBuildPhase;
			buildActionMask = 2147483647;
			files = (
				A3E011172CDACE84000C29DF /* LoginView.swift in Sources */,
				A3E0111B2CDAD345000C29DF /* Message.swift in Sources */,
				A3E011192CDACFAF000C29DF /* AuthManager.swift in Sources */,
				A3E011212CDAD3E3000C29DF /* MessageManager.swift in Sources */,
				A3E011232CDADA8B000C29DF /* ChatView.swift in Sources */,
				A3E010D62CDAC6FA000C29DF /* FireChatApp.swift in Sources */,
			);
			runOnlyForDeploymentPostprocessing = 0;
		};
/* End PBXSourcesBuildPhase section */

/* Begin XCBuildConfiguration section */
		A3E010DE2CDAC6FB000C29DF /* Debug */ = {
			isa = XCBuildConfiguration;
			buildSettings = {
				ALWAYS_SEARCH_USER_PATHS = NO;
				ASSETCATALOG_COMPILER_GENERATE_SWIFT_ASSET_SYMBOL_EXTENSIONS = YES;
				CLANG_ANALYZER_NONNULL = YES;
				CLANG_ANALYZER_NUMBER_OBJECT_CONVERSION = YES_AGGRESSIVE;
				CLANG_CXX_LANGUAGE_STANDARD = "gnu++20";
				CLANG_ENABLE_MODULES = YES;
				CLANG_ENABLE_OBJC_ARC = YES;
				CLANG_ENABLE_OBJC_WEAK = YES;
				CLANG_WARN_BLOCK_CAPTURE_AUTORELEASING = YES;
				CLANG_WARN_BOOL_CONVERSION = YES;
				CLANG_WARN_COMMA = YES;
				CLANG_WARN_CONSTANT_CONVERSION = YES;
				CLANG_WARN_DEPRECATED_OBJC_IMPLEMENTATIONS = YES;
				CLANG_WARN_DIRECT_OBJC_ISA_USAGE = YES_ERROR;
				CLANG_WARN_DOCUMENTATION_COMMENTS = YES;
				CLANG_WARN_EMPTY_BODY = YES;
				CLANG_WARN_ENUM_CONVERSION = YES;
				CLANG_WARN_INFINITE_RECURSION = YES;
				CLANG_WARN_INT_CONVERSION = YES;
				CLANG_WARN_NON_LITERAL_NULL_CONVERSION = YES;
				CLANG_WARN_OBJC_IMPLICIT_RETAIN_SELF = YES;
				CLANG_WARN_OBJC_LITERAL_CONVERSION = YES;
				CLANG_WARN_OBJC_ROOT_CLASS = YES_ERROR;
				CLANG_WARN_QUOTED_INCLUDE_IN_FRAMEWORK_HEADER = YES;
				CLANG_WARN_RANGE_LOOP_ANALYSIS = YES;
				CLANG_WARN_STRICT_PROTOTYPES = YES;
				CLANG_WARN_SUSPICIOUS_MOVE = YES;
				CLANG_WARN_UNGUARDED_AVAILABILITY = YES_AGGRESSIVE;
				CLANG_WARN_UNREACHABLE_CODE = YES;
				CLANG_WARN__DUPLICATE_METHOD_MATCH = YES;
				COPY_PHASE_STRIP = NO;
				DEBUG_INFORMATION_FORMAT = dwarf;
				ENABLE_STRICT_OBJC_MSGSEND = YES;
				ENABLE_TESTABILITY = YES;
				ENABLE_USER_SCRIPT_SANDBOXING = YES;
				GCC_C_LANGUAGE_STANDARD = gnu17;
				GCC_DYNAMIC_NO_PIC = NO;
				GCC_NO_COMMON_BLOCKS = YES;
				GCC_OPTIMIZATION_LEVEL = 0;
				GCC_PREPROCESSOR_DEFINITIONS = (
					"DEBUG=1",
					"$(inherited)",
				);
				GCC_WARN_64_TO_32_BIT_CONVERSION = YES;
				GCC_WARN_ABOUT_RETURN_TYPE = YES_ERROR;
				GCC_WARN_UNDECLARED_SELECTOR = YES;
				GCC_WARN_UNINITIALIZED_AUTOS = YES_AGGRESSIVE;
				GCC_WARN_UNUSED_FUNCTION = YES;
				GCC_WARN_UNUSED_VARIABLE = YES;
				IPHONEOS_DEPLOYMENT_TARGET = 17.5;
				LOCALIZATION_PREFERS_STRING_CATALOGS = YES;
				MTL_ENABLE_DEBUG_INFO = INCLUDE_SOURCE;
				MTL_FAST_MATH = YES;
				ONLY_ACTIVE_ARCH = YES;
				SDKROOT = iphoneos;
				SWIFT_ACTIVE_COMPILATION_CONDITIONS = "DEBUG $(inherited)";
				SWIFT_OPTIMIZATION_LEVEL = "-Onone";
			};
			name = Debug;
		};
		A3E010DF2CDAC6FB000C29DF /* Release */ = {
			isa = XCBuildConfiguration;
			buildSettings = {
				ALWAYS_SEARCH_USER_PATHS = NO;
				ASSETCATALOG_COMPILER_GENERATE_SWIFT_ASSET_SYMBOL_EXTENSIONS = YES;
				CLANG_ANALYZER_NONNULL = YES;
				CLANG_ANALYZER_NUMBER_OBJECT_CONVERSION = YES_AGGRESSIVE;
				CLANG_CXX_LANGUAGE_STANDARD = "gnu++20";
				CLANG_ENABLE_MODULES = YES;
				CLANG_ENABLE_OBJC_ARC = YES;
				CLANG_ENABLE_OBJC_WEAK = YES;
				CLANG_WARN_BLOCK_CAPTURE_AUTORELEASING = YES;
				CLANG_WARN_BOOL_CONVERSION = YES;
				CLANG_WARN_COMMA = YES;
				CLANG_WARN_CONSTANT_CONVERSION = YES;
				CLANG_WARN_DEPRECATED_OBJC_IMPLEMENTATIONS = YES;
				CLANG_WARN_DIRECT_OBJC_ISA_USAGE = YES_ERROR;
				CLANG_WARN_DOCUMENTATION_COMMENTS = YES;
				CLANG_WARN_EMPTY_BODY = YES;
				CLANG_WARN_ENUM_CONVERSION = YES;
				CLANG_WARN_INFINITE_RECURSION = YES;
				CLANG_WARN_INT_CONVERSION = YES;
				CLANG_WARN_NON_LITERAL_NULL_CONVERSION = YES;
				CLANG_WARN_OBJC_IMPLICIT_RETAIN_SELF = YES;
				CLANG_WARN_OBJC_LITERAL_CONVERSION = YES;
				CLANG_WARN_OBJC_ROOT_CLASS = YES_ERROR;
				CLANG_WARN_QUOTED_INCLUDE_IN_FRAMEWORK_HEADER = YES;
				CLANG_WARN_RANGE_LOOP_ANALYSIS = YES;
				CLANG_WARN_STRICT_PROTOTYPES = YES;
				CLANG_WARN_SUSPICIOUS_MOVE = YES;
				CLANG_WARN_UNGUARDED_AVAILABILITY = YES_AGGRESSIVE;
				CLANG_WARN_UNREACHABLE_CODE = YES;
				CLANG_WARN__DUPLICATE_METHOD_MATCH = YES;
				COPY_PHASE_STRIP = NO;
				DEBUG_INFORMATION_FORMAT = "dwarf-with-dsym";
				ENABLE_NS_ASSERTIONS = NO;
				ENABLE_STRICT_OBJC_MSGSEND = YES;
				ENABLE_USER_SCRIPT_SANDBOXING = YES;
				GCC_C_LANGUAGE_STANDARD = gnu17;
				GCC_NO_COMMON_BLOCKS = YES;
				GCC_WARN_64_TO_32_BIT_CONVERSION = YES;
				GCC_WARN_ABOUT_RETURN_TYPE = YES_ERROR;
				GCC_WARN_UNDECLARED_SELECTOR = YES;
				GCC_WARN_UNINITIALIZED_AUTOS = YES_AGGRESSIVE;
				GCC_WARN_UNUSED_FUNCTION = YES;
				GCC_WARN_UNUSED_VARIABLE = YES;
				IPHONEOS_DEPLOYMENT_TARGET = 17.5;
				LOCALIZATION_PREFERS_STRING_CATALOGS = YES;
				MTL_ENABLE_DEBUG_INFO = NO;
				MTL_FAST_MATH = YES;
				SDKROOT = iphoneos;
				SWIFT_COMPILATION_MODE = wholemodule;
				VALIDATE_PRODUCT = YES;
			};
			name = Release;
		};
		A3E010E12CDAC6FB000C29DF /* Debug */ = {
			isa = XCBuildConfiguration;
			buildSettings = {
				ASSETCATALOG_COMPILER_APPICON_NAME = AppIcon;
				ASSETCATALOG_COMPILER_GLOBAL_ACCENT_COLOR_NAME = AccentColor;
				CODE_SIGN_STYLE = Automatic;
				CURRENT_PROJECT_VERSION = 1;
				DEVELOPMENT_ASSET_PATHS = "\"FireChat/Preview Content\"";
				ENABLE_PREVIEWS = YES;
				GENERATE_INFOPLIST_FILE = YES;
				INFOPLIST_KEY_UIApplicationSceneManifest_Generation = YES;
				INFOPLIST_KEY_UIApplicationSupportsIndirectInputEvents = YES;
				INFOPLIST_KEY_UILaunchScreen_Generation = YES;
				INFOPLIST_KEY_UISupportedInterfaceOrientations_iPad = "UIInterfaceOrientationPortrait UIInterfaceOrientationPortraitUpsideDown UIInterfaceOrientationLandscapeLeft UIInterfaceOrientationLandscapeRight";
				INFOPLIST_KEY_UISupportedInterfaceOrientations_iPhone = "UIInterfaceOrientationPortrait UIInterfaceOrientationLandscapeLeft UIInterfaceOrientationLandscapeRight";
				LD_RUNPATH_SEARCH_PATHS = (
					"$(inherited)",
					"@executable_path/Frameworks",
				);
				MARKETING_VERSION = 1.0;
				PRODUCT_BUNDLE_IDENTIFIER = COT5930.FireChat;
				PRODUCT_NAME = "$(TARGET_NAME)";
				SWIFT_EMIT_LOC_STRINGS = YES;
				SWIFT_VERSION = 5.0;
				TARGETED_DEVICE_FAMILY = "1,2";
			};
			name = Debug;
		};
		A3E010E22CDAC6FB000C29DF /* Release */ = {
			isa = XCBuildConfiguration;
			buildSettings = {
				ASSETCATALOG_COMPILER_APPICON_NAME = AppIcon;
				ASSETCATALOG_COMPILER_GLOBAL_ACCENT_COLOR_NAME = AccentColor;
				CODE_SIGN_STYLE = Automatic;
				CURRENT_PROJECT_VERSION = 1;
				DEVELOPMENT_ASSET_PATHS = "\"FireChat/Preview Content\"";
				ENABLE_PREVIEWS = YES;
				GENERATE_INFOPLIST_FILE = YES;
				INFOPLIST_KEY_UIApplicationSceneManifest_Generation = YES;
				INFOPLIST_KEY_UIApplicationSupportsIndirectInputEvents = YES;
				INFOPLIST_KEY_UILaunchScreen_Generation = YES;
				INFOPLIST_KEY_UISupportedInterfaceOrientations_iPad = "UIInterfaceOrientationPortrait UIInterfaceOrientationPortraitUpsideDown UIInterfaceOrientationLandscapeLeft UIInterfaceOrientationLandscapeRight";
				INFOPLIST_KEY_UISupportedInterfaceOrientations_iPhone = "UIInterfaceOrientationPortrait UIInterfaceOrientationLandscapeLeft UIInterfaceOrientationLandscapeRight";
				LD_RUNPATH_SEARCH_PATHS = (
					"$(inherited)",
					"@executable_path/Frameworks",
				);
				MARKETING_VERSION = 1.0;
				PRODUCT_BUNDLE_IDENTIFIER = COT5930.FireChat;
				PRODUCT_NAME = "$(TARGET_NAME)";
				SWIFT_EMIT_LOC_STRINGS = YES;
				SWIFT_VERSION = 5.0;
				TARGETED_DEVICE_FAMILY = "1,2";
			};
			name = Release;
		};
/* End XCBuildConfiguration section */

/* Begin XCConfigurationList section */
		A3E010CD2CDAC6FA000C29DF /* Build configuration list for PBXProject "FireChat" */ = {
			isa = XCConfigurationList;
			buildConfigurations = (
				A3E010DE2CDAC6FB000C29DF /* Debug */,
				A3E010DF2CDAC6FB000C29DF /* Release */,
			);
			defaultConfigurationIsVisible = 0;
			defaultConfigurationName = Release;
		};
		A3E010E02CDAC6FB000C29DF /* Build configuration list for PBXNativeTarget "FireChat" */ = {
			isa = XCConfigurationList;
			buildConfigurations = (
				A3E010E12CDAC6FB000C29DF /* Debug */,
				A3E010E22CDAC6FB000C29DF /* Release */,
			);
			defaultConfigurationIsVisible = 0;
			defaultConfigurationName = Release;
		};
/* End XCConfigurationList section */

/* Begin XCRemoteSwiftPackageReference section */
		A3E010E52CDACC52000C29DF /* XCRemoteSwiftPackageReference "firebase-ios-sdk" */ = {
			isa = XCRemoteSwiftPackageReference;
			repositoryURL = "https://github.com/firebase/firebase-ios-sdk";
			requirement = {
				kind = upToNextMajorVersion;
				minimumVersion = 11.4.0;
			};
		};
/* End XCRemoteSwiftPackageReference section */

/* Begin XCSwiftPackageProductDependency section */
		A3E010F02CDACC52000C29DF /* FirebaseAuth */ = {
			isa = XCSwiftPackageProductDependency;
			package = A3E010E52CDACC52000C29DF /* XCRemoteSwiftPackageReference "firebase-ios-sdk" */;
			productName = FirebaseAuth;
		};
		A3E010FC2CDACC52000C29DF /* FirebaseFirestore */ = {
			isa = XCSwiftPackageProductDependency;
			package = A3E010E52CDACC52000C29DF /* XCRemoteSwiftPackageReference "firebase-ios-sdk" */;
			productName = FirebaseFirestore;
		};
/* End XCSwiftPackageProductDependency section */
	};
	rootObject = A3E010CA2CDAC6FA000C29DF /* Project object */;
}
